
Microsoft Visual Studio Solution File, Format Version 12.00
# Visual Studio 15
VisualStudioVersion = 15.0.27428.2037
MinimumVisualStudioVersion = 10.0.40219.1
Project("{FAE04EC0-301F-11D3-BF4B-00C04F79EFBC}") = "NFSSharesUtils", "NFSSharesUtils\NFSSharesUtils.csproj", "{DDE60C32-4DC3-4407-A29A-E1045F2E33BD}"
EndProject
Project("{FAE04EC0-301F-11D3-BF4B-00C04F79EFBC}") = "ReportGenerator", "ReportGenerator\ReportGenerator.csproj", "{DD339A05-5719-4CE0-9850-71DB94A143DF}"
EndProject
Project("{FAE04EC0-301F-11D3-BF4B-00C04F79EFBC}") = "SMBSharesUtils", "SMBSharesUtils\SMBSharesUtils.csproj", "{E1FACA62-EF5D-4EC3-8703-8D9A31063210}"
EndProject
Project("{FAE04EC0-301F-11D3-BF4B-00C04F79EFBC}") = "SharesMapperCLI", "SharesMapperCLI\SharesMapperCLI.csproj", "{10AF7A40-B4E1-45C9-BD53-E5405B801941}"
EndProject
Global
	GlobalSection(SolutionConfigurationPlatforms) = preSolution
		Debug|Any CPU = Debug|Any CPU
		Release|Any CPU = Release|Any CPU
	EndGlobalSection
	GlobalSection(ProjectConfigurationPlatforms) = postSolution
		{DDE60C32-4DC3-4407-A29A-E1045F2E33BD}.Debug|Any CPU.ActiveCfg = Debug|Any CPU
		{DDE60C32-4DC3-4407-A29A-E1045F2E33BD}.Debug|Any CPU.Build.0 = Debug|Any CPU
		{DDE60C32-4DC3-4407-A29A-E1045F2E33BD}.Release|Any CPU.ActiveCfg = Release|Any CPU
		{DDE60C32-4DC3-4407-A29A-E1045F2E33BD}.Release|Any CPU.Build.0 = Release|Any CPU
		{DD339A05-5719-4CE0-9850-71DB94A143DF}.Debug|Any CPU.ActiveCfg = Debug|Any CPU
		{DD339A05-5719-4CE0-9850-71DB94A143DF}.Debug|Any CPU.Build.0 = Debug|Any CPU
		{DD339A05-5719-4CE0-9850-71DB94A143DF}.Release|Any CPU.ActiveCfg = Release|Any CPU
		{DD339A05-5719-4CE0-9850-71DB94A143DF}.Release|Any CPU.Build.0 = Release|Any CPU
		{E1FACA62-EF5D-4EC3-8703-8D9A31063210}.Debug|Any CPU.ActiveCfg = Debug|Any CPU
		{E1FACA62-EF5D-4EC3-8703-8D9A31063210}.Debug|Any CPU.Build.0 = Debug|Any CPU
		{E1FACA62-EF5D-4EC3-8703-8D9A31063210}.Release|Any CPU.ActiveCfg = Release|Any CPU
		{E1FACA62-EF5D-4EC3-8703-8D9A31063210}.Release|Any CPU.Build.0 = Release|Any CPU
		{10AF7A40-B4E1-45C9-BD53-E5405B801941}.Debug|Any CPU.ActiveCfg = Debug|Any CPU
		{10AF7A40-B4E1-45C9-BD53-E5405B801941}.Debug|Any CPU.Build.0 = Debug|Any CPU
		{10AF7A40-B4E1-45C9-BD53-E5405B801941}.Release|Any CPU.ActiveCfg = Release|Any CPU
		{10AF7A40-B4E1-45C9-BD53-E5405B801941}.Release|Any CPU.Build.0 = Release|Any CPU
	EndGlobalSection
	GlobalSection(SolutionProperties) = preSolution
		HideSolutionNode = FALSE
	EndGlobalSection
	GlobalSection(ExtensibilityGlobals) = postSolution
		SolutionGuid = {DCDC9665-FF81-4633-A664-A7057E58AA09}
	EndGlobalSection
EndGlobal
